
Microsoft Visual Studio Solution File, Format Version 12.00
# Visual Studio Version 17
VisualStudioVersion = 17.9.34728.123
MinimumVisualStudioVersion = 10.0.40219.1
Project("{FAE04EC0-301F-11D3-BF4B-00C04F79EFBC}") = "CRUD_OprationSP_Con", "CRUD_OprationSP_Con\CRUD_OprationSP_Con.csproj", "{CA378185-42A1-48D9-BD9A-BB0EA5CB11AE}"
EndProject
Global
	GlobalSection(SolutionConfigurationPlatforms) = preSolution
		Debug|Any CPU = Debug|Any CPU
		Release|Any CPU = Release|Any CPU
	EndGlobalSection
	GlobalSection(ProjectConfigurationPlatforms) = postSolution
		{CA378185-42A1-48D9-BD9A-BB0EA5CB11AE}.Debug|Any CPU.ActiveCfg = Debug|Any CPU
		{CA378185-42A1-48D9-BD9A-BB0EA5CB11AE}.Debug|Any CPU.Build.0 = Debug|Any CPU
		{CA378185-42A1-48D9-BD9A-BB0EA5CB11AE}.Release|Any CPU.ActiveCfg = Release|Any CPU
		{CA378185-42A1-48D9-BD9A-BB0EA5CB11AE}.Release|Any CPU.Build.0 = Release|Any CPU
	EndGlobalSection
	GlobalSection(SolutionProperties) = preSolution
		HideSolutionNode = FALSE
	EndGlobalSection
	GlobalSection(ExtensibilityGlobals) = postSolution
		SolutionGuid = {8639F298-FD8E-4EA5-9D24-93E86E7BC4F6}
	EndGlobalSection
EndGlobal
